
Microsoft Visual Studio Solution File, Format Version 12.00
# Visual Studio Version 17
VisualStudioVersion = 17.11.35327.3
MinimumVisualStudioVersion = 10.0.40219.1
Project("{9A19103F-16F7-4668-BE54-9A1E7A4F7556}") = "BethanyShop", "BethanyShop\BethanyShop.csproj", "{FE68CFB0-05B5-4627-B89A-E896C1957B7C}"
EndProject
Project("{9A19103F-16F7-4668-BE54-9A1E7A4F7556}") = "BethanysPieShopHRM.Shared", "BethanysPieShopHRM.Shared\BethanysPieShopHRM.Shared.csproj", "{72BC4A8D-24F4-4A56-86DC-E6E8B54605CD}"
EndProject
Project("{9A19103F-16F7-4668-BE54-9A1E7A4F7556}") = "BethanysPieShopHRM.Api", "BethanysPieShopHRM.Api\BethanysPieShopHRM.Api.csproj", "{AD3C9999-32AA-4BAB-84B4-0FE084005F66}"
EndProject
Global
	GlobalSection(SolutionConfigurationPlatforms) = preSolution
		Debug|Any CPU = Debug|Any CPU
		Release|Any CPU = Release|Any CPU
	EndGlobalSection
	GlobalSection(ProjectConfigurationPlatforms) = postSolution
		{FE68CFB0-05B5-4627-B89A-E896C1957B7C}.Debug|Any CPU.ActiveCfg = Debug|Any CPU
		{FE68CFB0-05B5-4627-B89A-E896C1957B7C}.Debug|Any CPU.Build.0 = Debug|Any CPU
		{FE68CFB0-05B5-4627-B89A-E896C1957B7C}.Release|Any CPU.ActiveCfg = Release|Any CPU
		{FE68CFB0-05B5-4627-B89A-E896C1957B7C}.Release|Any CPU.Build.0 = Release|Any CPU
		{72BC4A8D-24F4-4A56-86DC-E6E8B54605CD}.Debug|Any CPU.ActiveCfg = Debug|Any CPU
		{72BC4A8D-24F4-4A56-86DC-E6E8B54605CD}.Debug|Any CPU.Build.0 = Debug|Any CPU
		{72BC4A8D-24F4-4A56-86DC-E6E8B54605CD}.Release|Any CPU.ActiveCfg = Release|Any CPU
		{72BC4A8D-24F4-4A56-86DC-E6E8B54605CD}.Release|Any CPU.Build.0 = Release|Any CPU
		{AD3C9999-32AA-4BAB-84B4-0FE084005F66}.Debug|Any CPU.ActiveCfg = Debug|Any CPU
		{AD3C9999-32AA-4BAB-84B4-0FE084005F66}.Debug|Any CPU.Build.0 = Debug|Any CPU
		{AD3C9999-32AA-4BAB-84B4-0FE084005F66}.Release|Any CPU.ActiveCfg = Release|Any CPU
		{AD3C9999-32AA-4BAB-84B4-0FE084005F66}.Release|Any CPU.Build.0 = Release|Any CPU
	EndGlobalSection
	GlobalSection(SolutionProperties) = preSolution
		HideSolutionNode = FALSE
	EndGlobalSection
	GlobalSection(ExtensibilityGlobals) = postSolution
		SolutionGuid = {CA833973-7555-4AF1-9F56-FDD74A44B246}
	EndGlobalSection
EndGlobal
